// !$*UTF8*$!
{
	archiveVersion = 1;
	classes = {
	};
	objectVersion = 48;
	objects = {

/* Begin PBXBuildFile section */
		FA0B153D1F8B840900726315 /* ForecaWeatherForecast.swift in Sources */ = {isa = PBXBuildFile; fileRef = FA0B153C1F8B840900726315 /* ForecaWeatherForecast.swift */; };
		FA0B153F1F8B845600726315 /* ForecaDailyForecast.swift in Sources */ = {isa = PBXBuildFile; fileRef = FA0B153E1F8B845600726315 /* ForecaDailyForecast.swift */; };
		FA615C4D1F827943007FAE71 /* ForecaApiManager.swift in Sources */ = {isa = PBXBuildFile; fileRef = FA615C4C1F827943007FAE71 /* ForecaApiManager.swift */; };
		FA718DD91F82719000FB19C1 /* AppDelegate.swift in Sources */ = {isa = PBXBuildFile; fileRef = FA718DD81F82719000FB19C1 /* AppDelegate.swift */; };
		FA718DDB1F82719000FB19C1 /* ViewController.swift in Sources */ = {isa = PBXBuildFile; fileRef = FA718DDA1F82719000FB19C1 /* ViewController.swift */; };
		FA718DDE1F82719000FB19C1 /* Main.storyboard in Resources */ = {isa = PBXBuildFile; fileRef = FA718DDC1F82719000FB19C1 /* Main.storyboard */; };
		FA718DE11F82719000FB19C1 /* FishingForecast.xcdatamodeld in Sources */ = {isa = PBXBuildFile; fileRef = FA718DDF1F82719000FB19C1 /* FishingForecast.xcdatamodeld */; };
		FA718DE31F82719000FB19C1 /* Assets.xcassets in Resources */ = {isa = PBXBuildFile; fileRef = FA718DE21F82719000FB19C1 /* Assets.xcassets */; };
		FA718DE61F82719000FB19C1 /* LaunchScreen.storyboard in Resources */ = {isa = PBXBuildFile; fileRef = FA718DE41F82719000FB19C1 /* LaunchScreen.storyboard */; };
		FA718DF11F82719000FB19C1 /* FishingForecastTests.swift in Sources */ = {isa = PBXBuildFile; fileRef = FA718DF01F82719000FB19C1 /* FishingForecastTests.swift */; };
/* End PBXBuildFile section */

/* Begin PBXContainerItemProxy section */
		FA718DED1F82719000FB19C1 /* PBXContainerItemProxy */ = {
			isa = PBXContainerItemProxy;
			containerPortal = FA718DCD1F82719000FB19C1 /* Project object */;
			proxyType = 1;
			remoteGlobalIDString = FA718DD41F82719000FB19C1;
			remoteInfo = FishingForecast;
		};
/* End PBXContainerItemProxy section */

/* Begin PBXFileReference section */
		FA0B153C1F8B840900726315 /* ForecaWeatherForecast.swift */ = {isa = PBXFileReference; lastKnownFileType = sourcecode.swift; path = ForecaWeatherForecast.swift; sourceTree = "<group>"; };
		FA0B153E1F8B845600726315 /* ForecaDailyForecast.swift */ = {isa = PBXFileReference; lastKnownFileType = sourcecode.swift; path = ForecaDailyForecast.swift; sourceTree = "<group>"; };
		FA615C4C1F827943007FAE71 /* ForecaApiManager.swift */ = {isa = PBXFileReference; lastKnownFileType = sourcecode.swift; path = ForecaApiManager.swift; sourceTree = "<group>"; };
		FA718DD51F82719000FB19C1 /* FishingForecast.app */ = {isa = PBXFileReference; explicitFileType = wrapper.application; includeInIndex = 0; path = FishingForecast.app; sourceTree = BUILT_PRODUCTS_DIR; };
		FA718DD81F82719000FB19C1 /* AppDelegate.swift */ = {isa = PBXFileReference; lastKnownFileType = sourcecode.swift; path = AppDelegate.swift; sourceTree = "<group>"; };
		FA718DDA1F82719000FB19C1 /* ViewController.swift */ = {isa = PBXFileReference; lastKnownFileType = sourcecode.swift; path = ViewController.swift; sourceTree = "<group>"; };
		FA718DDD1F82719000FB19C1 /* Base */ = {isa = PBXFileReference; lastKnownFileType = file.storyboard; name = Base; path = Base.lproj/Main.storyboard; sourceTree = "<group>"; };
		FA718DE01F82719000FB19C1 /* FishingForecast.xcdatamodel */ = {isa = PBXFileReference; lastKnownFileType = wrapper.xcdatamodel; path = FishingForecast.xcdatamodel; sourceTree = "<group>"; };
		FA718DE21F82719000FB19C1 /* Assets.xcassets */ = {isa = PBXFileReference; lastKnownFileType = folder.assetcatalog; path = Assets.xcassets; sourceTree = "<group>"; };
		FA718DE51F82719000FB19C1 /* Base */ = {isa = PBXFileReference; lastKnownFileType = file.storyboard; name = Base; path = Base.lproj/LaunchScreen.storyboard; sourceTree = "<group>"; };
		FA718DE71F82719000FB19C1 /* Info.plist */ = {isa = PBXFileReference; lastKnownFileType = text.plist.xml; path = Info.plist; sourceTree = "<group>"; };
		FA718DEC1F82719000FB19C1 /* FishingForecastTests.xctest */ = {isa = PBXFileReference; explicitFileType = wrapper.cfbundle; includeInIndex = 0; path = FishingForecastTests.xctest; sourceTree = BUILT_PRODUCTS_DIR; };
		FA718DF01F82719000FB19C1 /* FishingForecastTests.swift */ = {isa = PBXFileReference; lastKnownFileType = sourcecode.swift; path = FishingForecastTests.swift; sourceTree = "<group>"; };
		FA718DF21F82719000FB19C1 /* Info.plist */ = {isa = PBXFileReference; lastKnownFileType = text.plist.xml; path = Info.plist; sourceTree = "<group>"; };
/* End PBXFileReference section */

/* Begin PBXFrameworksBuildPhase section */
		FA718DD21F82719000FB19C1 /* Frameworks */ = {
			isa = PBXFrameworksBuildPhase;
			buildActionMask = 2147483647;
			files = (
			);
			runOnlyForDeploymentPostprocessing = 0;
		};
		FA718DE91F82719000FB19C1 /* Frameworks */ = {
			isa = PBXFrameworksBuildPhase;
			buildActionMask = 2147483647;
			files = (
			);
			runOnlyForDeploymentPostprocessing = 0;
		};
/* End PBXFrameworksBuildPhase section */

/* Begin PBXGroup section */
		FA0B15401F8B852100726315 /* Models */ = {
			isa = PBXGroup;
			children = (
				FA0B153C1F8B840900726315 /* ForecaWeatherForecast.swift */,
				FA0B153E1F8B845600726315 /* ForecaDailyForecast.swift */,
			);
			path = Models;
			sourceTree = "<group>";
		};
		FA718DCC1F82719000FB19C1 = {
			isa = PBXGroup;
			children = (
				FA718DD71F82719000FB19C1 /* FishingForecast */,
				FA718DEF1F82719000FB19C1 /* FishingForecastTests */,
				FA718DD61F82719000FB19C1 /* Products */,
			);
			sourceTree = "<group>";
		};
		FA718DD61F82719000FB19C1 /* Products */ = {
			isa = PBXGroup;
			children = (
				FA718DD51F82719000FB19C1 /* FishingForecast.app */,
				FA718DEC1F82719000FB19C1 /* FishingForecastTests.xctest */,
			);
			name = Products;
			sourceTree = "<group>";
		};
		FA718DD71F82719000FB19C1 /* FishingForecast */ = {
			isa = PBXGroup;
			children = (
				FA0B15401F8B852100726315 /* Models */,
				FA718DD81F82719000FB19C1 /* AppDelegate.swift */,
				FA718DDA1F82719000FB19C1 /* ViewController.swift */,
				FA615C4C1F827943007FAE71 /* ForecaApiManager.swift */,
				FA718DDC1F82719000FB19C1 /* Main.storyboard */,
				FA718DE21F82719000FB19C1 /* Assets.xcassets */,
				FA718DE41F82719000FB19C1 /* LaunchScreen.storyboard */,
				FA718DE71F82719000FB19C1 /* Info.plist */,
				FA718DDF1F82719000FB19C1 /* FishingForecast.xcdatamodeld */,
			);
			path = FishingForecast;
			sourceTree = "<group>";
		};
		FA718DEF1F82719000FB19C1 /* FishingForecastTests */ = {
			isa = PBXGroup;
			children = (
				FA718DF01F82719000FB19C1 /* FishingForecastTests.swift */,
				FA718DF21F82719000FB19C1 /* Info.plist */,
			);
			path = FishingForecastTests;
			sourceTree = "<group>";
		};
/* End PBXGroup section */

/* Begin PBXNativeTarget section */
		FA718DD41F82719000FB19C1 /* FishingForecast */ = {
			isa = PBXNativeTarget;
			buildConfigurationList = FA718DF51F82719000FB19C1 /* Build configuration list for PBXNativeTarget "FishingForecast" */;
			buildPhases = (
				FA718DD11F82719000FB19C1 /* Sources */,
				FA718DD21F82719000FB19C1 /* Frameworks */,
				FA718DD31F82719000FB19C1 /* Resources */,
			);
			buildRules = (
			);
			dependencies = (
			);
			name = FishingForecast;
			productName = FishingForecast;
			productReference = FA718DD51F82719000FB19C1 /* FishingForecast.app */;
			productType = "com.apple.product-type.application";
		};
		FA718DEB1F82719000FB19C1 /* FishingForecastTests */ = {
			isa = PBXNativeTarget;
			buildConfigurationList = FA718DF81F82719000FB19C1 /* Build configuration list for PBXNativeTarget "FishingForecastTests" */;
			buildPhases = (
				FA718DE81F82719000FB19C1 /* Sources */,
				FA718DE91F82719000FB19C1 /* Frameworks */,
				FA718DEA1F82719000FB19C1 /* Resources */,
			);
			buildRules = (
			);
			dependencies = (
				FA718DEE1F82719000FB19C1 /* PBXTargetDependency */,
			);
			name = FishingForecastTests;
			productName = FishingForecastTests;
			productReference = FA718DEC1F82719000FB19C1 /* FishingForecastTests.xctest */;
			productType = "com.apple.product-type.bundle.unit-test";
		};
/* End PBXNativeTarget section */

/* Begin PBXProject section */
		FA718DCD1F82719000FB19C1 /* Project object */ = {
			isa = PBXProject;
			attributes = {
				LastSwiftUpdateCheck = 0900;
				LastUpgradeCheck = 0900;
				ORGANIZATIONNAME = Alex;
				TargetAttributes = {
					FA718DD41F82719000FB19C1 = {
						CreatedOnToolsVersion = 9.0;
						ProvisioningStyle = Automatic;
					};
					FA718DEB1F82719000FB19C1 = {
						CreatedOnToolsVersion = 9.0;
						ProvisioningStyle = Automatic;
						TestTargetID = FA718DD41F82719000FB19C1;
					};
				};
			};
			buildConfigurationList = FA718DD01F82719000FB19C1 /* Build configuration list for PBXProject "FishingForecast" */;
			compatibilityVersion = "Xcode 8.0";
			developmentRegion = en;
			hasScannedForEncodings = 0;
			knownRegions = (
				en,
				Base,
			);
			mainGroup = FA718DCC1F82719000FB19C1;
			productRefGroup = FA718DD61F82719000FB19C1 /* Products */;
			projectDirPath = "";
			projectRoot = "";
			targets = (
				FA718DD41F82719000FB19C1 /* FishingForecast */,
				FA718DEB1F82719000FB19C1 /* FishingForecastTests */,
			);
		};
/* End PBXProject section */

/* Begin PBXResourcesBuildPhase section */
		FA718DD31F82719000FB19C1 /* Resources */ = {
			isa = PBXResourcesBuildPhase;
			buildActionMask = 2147483647;
			files = (
				FA718DE61F82719000FB19C1 /* LaunchScreen.storyboard in Resources */,
				FA718DE31F82719000FB19C1 /* Assets.xcassets in Resources */,
				FA718DDE1F82719000FB19C1 /* Main.storyboard in Resources */,
			);
			runOnlyForDeploymentPostprocessing = 0;
		};
		FA718DEA1F82719000FB19C1 /* Resources */ = {
			isa = PBXResourcesBuildPhase;
			buildActionMask = 2147483647;
			files = (
			);
			runOnlyForDeploymentPostprocessing = 0;
		};
/* End PBXResourcesBuildPhase section */

/* Begin PBXSourcesBuildPhase section */
		FA718DD11F82719000FB19C1 /* Sources */ = {
			isa = PBXSourcesBuildPhase;
			buildActionMask = 2147483647;
			files = (
				FA718DE11F82719000FB19C1 /* FishingForecast.xcdatamodeld in Sources */,
				FA0B153D1F8B840900726315 /* ForecaWeatherForecast.swift in Sources */,
				FA0B153F1F8B845600726315 /* ForecaDailyForecast.swift in Sources */,
				FA615C4D1F827943007FAE71 /* ForecaApiManager.swift in Sources */,
				FA718DDB1F82719000FB19C1 /* ViewController.swift in Sources */,
				FA718DD91F82719000FB19C1 /* AppDelegate.swift in Sources */,
			);
			runOnlyForDeploymentPostprocessing = 0;
		};
		FA718DE81F82719000FB19C1 /* Sources */ = {
			isa = PBXSourcesBuildPhase;
			buildActionMask = 2147483647;
			files = (
				FA718DF11F82719000FB19C1 /* FishingForecastTests.swift in Sources */,
			);
			runOnlyForDeploymentPostprocessing = 0;
		};
/* End PBXSourcesBuildPhase section */

/* Begin PBXTargetDependency section */
		FA718DEE1F82719000FB19C1 /* PBXTargetDependency */ = {
			isa = PBXTargetDependency;
			target = FA718DD41F82719000FB19C1 /* FishingForecast */;
			targetProxy = FA718DED1F82719000FB19C1 /* PBXContainerItemProxy */;
		};
/* End PBXTargetDependency section */

/* Begin PBXVariantGroup section */
		FA718DDC1F82719000FB19C1 /* Main.storyboard */ = {
			isa = PBXVariantGroup;
			children = (
				FA718DDD1F82719000FB19C1 /* Base */,
			);
			name = Main.storyboard;
			sourceTree = "<group>";
		};
		FA718DE41F82719000FB19C1 /* LaunchScreen.storyboard */ = {
			isa = PBXVariantGroup;
			children = (
				FA718DE51F82719000FB19C1 /* Base */,
			);
			name = LaunchScreen.storyboard;
			sourceTree = "<group>";
		};
/* End PBXVariantGroup section */

/* Begin XCBuildConfiguration section */
		FA718DF31F82719000FB19C1 /* Debug */ = {
			isa = XCBuildConfiguration;
			buildSettings = {
				ALWAYS_SEARCH_USER_PATHS = NO;
				CLANG_ANALYZER_NONNULL = YES;
				CLANG_ANALYZER_NUMBER_OBJECT_CONVERSION = YES_AGGRESSIVE;
				CLANG_CXX_LANGUAGE_STANDARD = "gnu++14";
				CLANG_CXX_LIBRARY = "libc++";
				CLANG_ENABLE_MODULES = YES;
				CLANG_ENABLE_OBJC_ARC = YES;
				CLANG_WARN_BLOCK_CAPTURE_AUTORELEASING = YES;
				CLANG_WARN_BOOL_CONVERSION = YES;
				CLANG_WARN_COMMA = YES;
				CLANG_WARN_CONSTANT_CONVERSION = YES;
				CLANG_WARN_DIRECT_OBJC_ISA_USAGE = YES_ERROR;
				CLANG_WARN_DOCUMENTATION_COMMENTS = YES;
				CLANG_WARN_EMPTY_BODY = YES;
				CLANG_WARN_ENUM_CONVERSION = YES;
				CLANG_WARN_INFINITE_RECURSION = YES;
				CLANG_WARN_INT_CONVERSION = YES;
				CLANG_WARN_NON_LITERAL_NULL_CONVERSION = YES;
				CLANG_WARN_OBJC_LITERAL_CONVERSION = YES;
				CLANG_WARN_OBJC_ROOT_CLASS = YES_ERROR;
				CLANG_WARN_RANGE_LOOP_ANALYSIS = YES;
				CLANG_WARN_STRICT_PROTOTYPES = YES;
				CLANG_WARN_SUSPICIOUS_MOVE = YES;
				CLANG_WARN_UNGUARDED_AVAILABILITY = YES_AGGRESSIVE;
				CLANG_WARN_UNREACHABLE_CODE = YES;
				CLANG_WARN__DUPLICATE_METHOD_MATCH = YES;
				CODE_SIGN_IDENTITY = "iPhone Developer";
				COPY_PHASE_STRIP = NO;
				DEBUG_INFORMATION_FORMAT = dwarf;
				ENABLE_STRICT_OBJC_MSGSEND = YES;
				ENABLE_TESTABILITY = YES;
				GCC_C_LANGUAGE_STANDARD = gnu11;
				GCC_DYNAMIC_NO_PIC = NO;
				GCC_NO_COMMON_BLOCKS = YES;
				GCC_OPTIMIZATION_LEVEL = 0;
				GCC_PREPROCESSOR_DEFINITIONS = (
					"DEBUG=1",
					"$(inherited)",
				);
				GCC_WARN_64_TO_32_BIT_CONVERSION = YES;
				GCC_WARN_ABOUT_RETURN_TYPE = YES_ERROR;
				GCC_WARN_UNDECLARED_SELECTOR = YES;
				GCC_WARN_UNINITIALIZED_AUTOS = YES_AGGRESSIVE;
				GCC_WARN_UNUSED_FUNCTION = YES;
				GCC_WARN_UNUSED_VARIABLE = YES;
				IPHONEOS_DEPLOYMENT_TARGET = 11.0;
				MTL_ENABLE_DEBUG_INFO = YES;
				ONLY_ACTIVE_ARCH = YES;
				SDKROOT = iphoneos;
				SWIFT_ACTIVE_COMPILATION_CONDITIONS = DEBUG;
				SWIFT_OPTIMIZATION_LEVEL = "-Onone";
			};
			name = Debug;
		};
		FA718DF41F82719000FB19C1 /* Release */ = {
			isa = XCBuildConfiguration;
			buildSettings = {
				ALWAYS_SEARCH_USER_PATHS = NO;
				CLANG_ANALYZER_NONNULL = YES;
				CLANG_ANALYZER_NUMBER_OBJECT_CONVERSION = YES_AGGRESSIVE;
				CLANG_CXX_LANGUAGE_STANDARD = "gnu++14";
				CLANG_CXX_LIBRARY = "libc++";
				CLANG_ENABLE_MODULES = YES;
				CLANG_ENABLE_OBJC_ARC = YES;
				CLANG_WARN_BLOCK_CAPTURE_AUTORELEASING = YES;
				CLANG_WARN_BOOL_CONVERSION = YES;
				CLANG_WARN_COMMA = YES;
				CLANG_WARN_CONSTANT_CONVERSION = YES;
				CLANG_WARN_DIRECT_OBJC_ISA_USAGE = YES_ERROR;
				CLANG_WARN_DOCUMENTATION_COMMENTS = YES;
				CLANG_WARN_EMPTY_BODY = YES;
				CLANG_WARN_ENUM_CONVERSION = YES;
				CLANG_WARN_INFINITE_RECURSION = YES;
				CLANG_WARN_INT_CONVERSION = YES;
				CLANG_WARN_NON_LITERAL_NULL_CONVERSION = YES;
				CLANG_WARN_OBJC_LITERAL_CONVERSION = YES;
				CLANG_WARN_OBJC_ROOT_CLASS = YES_ERROR;
				CLANG_WARN_RANGE_LOOP_ANALYSIS = YES;
				CLANG_WARN_STRICT_PROTOTYPES = YES;
				CLANG_WARN_SUSPICIOUS_MOVE = YES;
				CLANG_WARN_UNGUARDED_AVAILABILITY = YES_AGGRESSIVE;
				CLANG_WARN_UNREACHABLE_CODE = YES;
				CLANG_WARN__DUPLICATE_METHOD_MATCH = YES;
				CODE_SIGN_IDENTITY = "iPhone Developer";
				COPY_PHASE_STRIP = NO;
				DEBUG_INFORMATION_FORMAT = "dwarf-with-dsym";
				ENABLE_NS_ASSERTIONS = NO;
				ENABLE_STRICT_OBJC_MSGSEND = YES;
				GCC_C_LANGUAGE_STANDARD = gnu11;
				GCC_NO_COMMON_BLOCKS = YES;
				GCC_WARN_64_TO_32_BIT_CONVERSION = YES;
				GCC_WARN_ABOUT_RETURN_TYPE = YES_ERROR;
				GCC_WARN_UNDECLARED_SELECTOR = YES;
				GCC_WARN_UNINITIALIZED_AUTOS = YES_AGGRESSIVE;
				GCC_WARN_UNUSED_FUNCTION = YES;
				GCC_WARN_UNUSED_VARIABLE = YES;
				IPHONEOS_DEPLOYMENT_TARGET = 11.0;
				MTL_ENABLE_DEBUG_INFO = NO;
				SDKROOT = iphoneos;
				SWIFT_OPTIMIZATION_LEVEL = "-Owholemodule";
				VALIDATE_PRODUCT = YES;
			};
			name = Release;
		};
		FA718DF61F82719000FB19C1 /* Debug */ = {
			isa = XCBuildConfiguration;
			buildSettings = {
				ASSETCATALOG_COMPILER_APPICON_NAME = AppIcon;
				CODE_SIGN_STYLE = Automatic;
				DEVELOPMENT_TEAM = U82HHC4W2Q;
				INFOPLIST_FILE = FishingForecast/Info.plist;
				LD_RUNPATH_SEARCH_PATHS = "$(inherited) @executable_path/Frameworks";
				PRODUCT_BUNDLE_IDENTIFIER = com.practice.FishingForecast;
				PRODUCT_NAME = "$(TARGET_NAME)";
				SWIFT_VERSION = 4.0;
				TARGETED_DEVICE_FAMILY = "1,2";
			};
			name = Debug;
		};
		FA718DF71F82719000FB19C1 /* Release */ = {
			isa = XCBuildConfiguration;
			buildSettings = {
				ASSETCATALOG_COMPILER_APPICON_NAME = AppIcon;
				CODE_SIGN_STYLE = Automatic;
				DEVELOPMENT_TEAM = U82HHC4W2Q;
				INFOPLIST_FILE = FishingForecast/Info.plist;
				LD_RUNPATH_SEARCH_PATHS = "$(inherited) @executable_path/Frameworks";
				PRODUCT_BUNDLE_IDENTIFIER = com.practice.FishingForecast;
				PRODUCT_NAME = "$(TARGET_NAME)";
				SWIFT_VERSION = 4.0;
				TARGETED_DEVICE_FAMILY = "1,2";
			};
			name = Release;
		};
		FA718DF91F82719000FB19C1 /* Debug */ = {
			isa = XCBuildConfiguration;
			buildSettings = {
				ALWAYS_EMBED_SWIFT_STANDARD_LIBRARIES = YES;
				BUNDLE_LOADER = "$(TEST_HOST)";
				CODE_SIGN_STYLE = Automatic;
				DEVELOPMENT_TEAM = U82HHC4W2Q;
				INFOPLIST_FILE = FishingForecastTests/Info.plist;
				LD_RUNPATH_SEARCH_PATHS = "$(inherited) @executable_path/Frameworks @loader_path/Frameworks";
				PRODUCT_BUNDLE_IDENTIFIER = com.practice.FishingForecastTests;
				PRODUCT_NAME = "$(TARGET_NAME)";
				SWIFT_VERSION = 4.0;
				TARGETED_DEVICE_FAMILY = "1,2";
				TEST_HOST = "$(BUILT_PRODUCTS_DIR)/FishingForecast.app/FishingForecast";
			};
			name = Debug;
		};
		FA718DFA1F82719000FB19C1 /* Release */ = {
			isa = XCBuildConfiguration;
			buildSettings = {
				ALWAYS_EMBED_SWIFT_STANDARD_LIBRARIES = YES;
				BUNDLE_LOADER = "$(TEST_HOST)";
				CODE_SIGN_STYLE = Automatic;
				DEVELOPMENT_TEAM = U82HHC4W2Q;
				INFOPLIST_FILE = FishingForecastTests/Info.plist;
				LD_RUNPATH_SEARCH_PATHS = "$(inherited) @executable_path/Frameworks @loader_path/Frameworks";
				PRODUCT_BUNDLE_IDENTIFIER = com.practice.FishingForecastTests;
				PRODUCT_NAME = "$(TARGET_NAME)";
				SWIFT_VERSION = 4.0;
				TARGETED_DEVICE_FAMILY = "1,2";
				TEST_HOST = "$(BUILT_PRODUCTS_DIR)/FishingForecast.app/FishingForecast";
			};
			name = Release;
		};
/* End XCBuildConfiguration section */

/* Begin XCConfigurationList section */
		FA718DD01F82719000FB19C1 /* Build configuration list for PBXProject "FishingForecast" */ = {
			isa = XCConfigurationList;
			buildConfigurations = (
				FA718DF31F82719000FB19C1 /* Debug */,
				FA718DF41F82719000FB19C1 /* Release */,
			);
			defaultConfigurationIsVisible = 0;
			defaultConfigurationName = Release;
		};
		FA718DF51F82719000FB19C1 /* Build configuration list for PBXNativeTarget "FishingForecast" */ = {
			isa = XCConfigurationList;
			buildConfigurations = (
				FA718DF61F82719000FB19C1 /* Debug */,
				FA718DF71F82719000FB19C1 /* Release */,
			);
			defaultConfigurationIsVisible = 0;
			defaultConfigurationName = Release;
		};
		FA718DF81F82719000FB19C1 /* Build configuration list for PBXNativeTarget "FishingForecastTests" */ = {
			isa = XCConfigurationList;
			buildConfigurations = (
				FA718DF91F82719000FB19C1 /* Debug */,
				FA718DFA1F82719000FB19C1 /* Release */,
			);
			defaultConfigurationIsVisible = 0;
			defaultConfigurationName = Release;
		};
/* End XCConfigurationList section */

/* Begin XCVersionGroup section */
		FA718DDF1F82719000FB19C1 /* FishingForecast.xcdatamodeld */ = {
			isa = XCVersionGroup;
			children = (
				FA718DE01F82719000FB19C1 /* FishingForecast.xcdatamodel */,
			);
			currentVersion = FA718DE01F82719000FB19C1 /* FishingForecast.xcdatamodel */;
			path = FishingForecast.xcdatamodeld;
			sourceTree = "<group>";
			versionGroupType = wrapper.xcdatamodel;
		};
/* End XCVersionGroup section */
	};
	rootObject = FA718DCD1F82719000FB19C1 /* Project object */;
}
